
Microsoft Visual Studio Solution File, Format Version 12.00
# Visual Studio Version 16
VisualStudioVersion = 16.0.29324.140
MinimumVisualStudioVersion = 10.0.40219.1
Project("{FAE04EC0-301F-11D3-BF4B-00C04F79EFBC}") = "PlantDiary002", "PlantDiary002\PlantDiary002.csproj", "{049ABAB8-7068-4E23-B330-4892F7AFA5E9}"
EndProject
Global
	GlobalSection(SolutionConfigurationPlatforms) = preSolution
		Debug|Any CPU = Debug|Any CPU
		Release|Any CPU = Release|Any CPU
	EndGlobalSection
	GlobalSection(ProjectConfigurationPlatforms) = postSolution
		{049ABAB8-7068-4E23-B330-4892F7AFA5E9}.Debug|Any CPU.ActiveCfg = Debug|Any CPU
		{049ABAB8-7068-4E23-B330-4892F7AFA5E9}.Debug|Any CPU.Build.0 = Debug|Any CPU
		{049ABAB8-7068-4E23-B330-4892F7AFA5E9}.Release|Any CPU.ActiveCfg = Release|Any CPU
		{049ABAB8-7068-4E23-B330-4892F7AFA5E9}.Release|Any CPU.Build.0 = Release|Any CPU
	EndGlobalSection
	GlobalSection(SolutionProperties) = preSolution
		HideSolutionNode = FALSE
	EndGlobalSection
	GlobalSection(ExtensibilityGlobals) = postSolution
		SolutionGuid = {0C74401F-CCB9-437E-87A8-2CDF590E481B}
	EndGlobalSection
EndGlobal
